
Microsoft Visual Studio Solution File, Format Version 12.00
# Visual Studio Version 17
VisualStudioVersion = 17.9.34511.98
MinimumVisualStudioVersion = 10.0.40219.1
Project("{FAE04EC0-301F-11D3-BF4B-00C04F79EFBC}") = "FmgLib.LocalizationMaui", "FmgLib.LocalizationMaui.csproj", "{9359BE86-9177-492E-8A66-6ADE0835A998}"
EndProject
Global
	GlobalSection(SolutionConfigurationPlatforms) = preSolution
		Debug|Any CPU = Debug|Any CPU
		Release|Any CPU = Release|Any CPU
	EndGlobalSection
	GlobalSection(ProjectConfigurationPlatforms) = postSolution
		{9359BE86-9177-492E-8A66-6ADE0835A998}.Debug|Any CPU.ActiveCfg = Debug|Any CPU
		{9359BE86-9177-492E-8A66-6ADE0835A998}.Debug|Any CPU.Build.0 = Debug|Any CPU
		{9359BE86-9177-492E-8A66-6ADE0835A998}.Release|Any CPU.ActiveCfg = Release|Any CPU
		{9359BE86-9177-492E-8A66-6ADE0835A998}.Release|Any CPU.Build.0 = Release|Any CPU
	EndGlobalSection
	GlobalSection(SolutionProperties) = preSolution
		HideSolutionNode = FALSE
	EndGlobalSection
	GlobalSection(ExtensibilityGlobals) = postSolution
		SolutionGuid = {DE8EB1AD-6E82-4F1F-8206-8E9648B4560D}
	EndGlobalSection
EndGlobal
